
Microsoft Visual Studio Solution File, Format Version 12.00
# Visual Studio Version 16
VisualStudioVersion = 16.0.31321.278
MinimumVisualStudioVersion = 10.0.40219.1
Project("{FAE04EC0-301F-11D3-BF4B-00C04F79EFBC}") = "MyVirtualTrainer.Api", "MyVirtualTrainer.Api\MyVirtualTrainer.Api.csproj", "{3BC6A70A-EDCA-403F-B47C-141BA71FC507}"
EndProject
Project("{FAE04EC0-301F-11D3-BF4B-00C04F79EFBC}") = "MyVirtualTrainer.Domain", "MyVirtualTrainer.Domain\MyVirtualTrainer.Domain.csproj", "{CC1FAEEE-9BF3-4448-8C1E-6014259B6E41}"
EndProject
Project("{FAE04EC0-301F-11D3-BF4B-00C04F79EFBC}") = "MyVirtualTrainer.Data", "MyVirtualTrainer.Data\MyVirtualTrainer.Data.csproj", "{E7EBE721-F6D3-4453-A4CC-1ABB33DEF161}"
EndProject
Project("{FAE04EC0-301F-11D3-BF4B-00C04F79EFBC}") = "MyVirtualTrainer.Api.Tests", "MyVirtualTrainer.Api.Tests\MyVirtualTrainer.Api.Tests.csproj", "{BE097E2A-2E20-413D-95BA-6B358BBF39B3}"
EndProject
Global
	GlobalSection(SolutionConfigurationPlatforms) = preSolution
		Debug|Any CPU = Debug|Any CPU
		Release|Any CPU = Release|Any CPU
	EndGlobalSection
	GlobalSection(ProjectConfigurationPlatforms) = postSolution
		{3BC6A70A-EDCA-403F-B47C-141BA71FC507}.Debug|Any CPU.ActiveCfg = Debug|Any CPU
		{3BC6A70A-EDCA-403F-B47C-141BA71FC507}.Debug|Any CPU.Build.0 = Debug|Any CPU
		{3BC6A70A-EDCA-403F-B47C-141BA71FC507}.Release|Any CPU.ActiveCfg = Release|Any CPU
		{3BC6A70A-EDCA-403F-B47C-141BA71FC507}.Release|Any CPU.Build.0 = Release|Any CPU
		{CC1FAEEE-9BF3-4448-8C1E-6014259B6E41}.Debug|Any CPU.ActiveCfg = Debug|Any CPU
		{CC1FAEEE-9BF3-4448-8C1E-6014259B6E41}.Debug|Any CPU.Build.0 = Debug|Any CPU
		{CC1FAEEE-9BF3-4448-8C1E-6014259B6E41}.Release|Any CPU.ActiveCfg = Release|Any CPU
		{CC1FAEEE-9BF3-4448-8C1E-6014259B6E41}.Release|Any CPU.Build.0 = Release|Any CPU
		{E7EBE721-F6D3-4453-A4CC-1ABB33DEF161}.Debug|Any CPU.ActiveCfg = Debug|Any CPU
		{E7EBE721-F6D3-4453-A4CC-1ABB33DEF161}.Debug|Any CPU.Build.0 = Debug|Any CPU
		{E7EBE721-F6D3-4453-A4CC-1ABB33DEF161}.Release|Any CPU.ActiveCfg = Release|Any CPU
		{E7EBE721-F6D3-4453-A4CC-1ABB33DEF161}.Release|Any CPU.Build.0 = Release|Any CPU
		{BE097E2A-2E20-413D-95BA-6B358BBF39B3}.Debug|Any CPU.ActiveCfg = Debug|Any CPU
		{BE097E2A-2E20-413D-95BA-6B358BBF39B3}.Debug|Any CPU.Build.0 = Debug|Any CPU
		{BE097E2A-2E20-413D-95BA-6B358BBF39B3}.Release|Any CPU.ActiveCfg = Release|Any CPU
		{BE097E2A-2E20-413D-95BA-6B358BBF39B3}.Release|Any CPU.Build.0 = Release|Any CPU
	EndGlobalSection
	GlobalSection(SolutionProperties) = preSolution
		HideSolutionNode = FALSE
	EndGlobalSection
	GlobalSection(ExtensibilityGlobals) = postSolution
		SolutionGuid = {026FC44B-47A4-4C5E-AFB4-A1CCDC075F85}
	EndGlobalSection
EndGlobal
